
Microsoft Visual Studio Solution File, Format Version 12.00
# Visual Studio 15
Project("{FAE04EC0-301F-11D3-BF4B-00C04F79EFBC}") = "ISSR_Unity21-22", "Assembly-CSharp.csproj", "{70A45DC4-F311-C6D8-0F52-4E9377256D3A}"
EndProject
Global
	GlobalSection(SolutionConfigurationPlatforms) = preSolution
		Debug|Any CPU = Debug|Any CPU
		Release|Any CPU = Release|Any CPU
	EndGlobalSection
	GlobalSection(ProjectConfigurationPlatforms) = postSolution
		{70A45DC4-F311-C6D8-0F52-4E9377256D3A}.Debug|Any CPU.ActiveCfg = Debug|Any CPU
		{70A45DC4-F311-C6D8-0F52-4E9377256D3A}.Debug|Any CPU.Build.0 = Debug|Any CPU
		{70A45DC4-F311-C6D8-0F52-4E9377256D3A}.Release|Any CPU.ActiveCfg = Release|Any CPU
		{70A45DC4-F311-C6D8-0F52-4E9377256D3A}.Release|Any CPU.Build.0 = Release|Any CPU
	EndGlobalSection
	GlobalSection(SolutionProperties) = preSolution
		HideSolutionNode = FALSE
	EndGlobalSection
EndGlobal
